// !$*UTF8*$!
{
	archiveVersion = 1;
	classes = {
	};
	objectVersion = 77;
	objects = {

/* Begin PBXBuildFile section */
		9249B8622F9FE88700D10C2E /* WidgetKit.framework in Frameworks */ = {isa = PBXBuildFile; fileRef = 9249B8612F9FE88700D10C2E /* WidgetKit.framework */; };
		9249B8642F9FE88700D10C2E /* SwiftUI.framework in Frameworks */ = {isa = PBXBuildFile; fileRef = 9249B8632F9FE88700D10C2E /* SwiftUI.framework */; };
		9249B8712F9FE88900D10C2E /* CleanFastClaudeWidgetExtension.appex in Embed Foundation Extensions */ = {isa = PBXBuildFile; fileRef = 9249B85F2F9FE88700D10C2E /* CleanFastClaudeWidgetExtension.appex */; settings = {ATTRIBUTES = (RemoveHeadersOnCopy, ); }; };
/* End PBXBuildFile section */

/* Begin PBXContainerItemProxy section */
		9249B86F2F9FE88900D10C2E /* PBXContainerItemProxy */ = {
			isa = PBXContainerItemProxy;
			containerPortal = 92D6B26D2F9EE1540009CAC6 /* Project object */;
			proxyType = 1;
			remoteGlobalIDString = 9249B85E2F9FE88700D10C2E;
			remoteInfo = CleanFastClaudeWidgetExtension;
		};
		92D6B2832F9EE1550009CAC6 /* PBXContainerItemProxy */ = {
			isa = PBXContainerItemProxy;
			containerPortal = 92D6B26D2F9EE1540009CAC6 /* Project object */;
			proxyType = 1;
			remoteGlobalIDString = 92D6B2742F9EE1540009CAC6;
			remoteInfo = CleanFastClaude;
		};
		92D6B28D2F9EE1550009CAC6 /* PBXContainerItemProxy */ = {
			isa = PBXContainerItemProxy;
			containerPortal = 92D6B26D2F9EE1540009CAC6 /* Project object */;
			proxyType = 1;
			remoteGlobalIDString = 92D6B2742F9EE1540009CAC6;
			remoteInfo = CleanFastClaude;
		};
/* End PBXContainerItemProxy section */

/* Begin PBXCopyFilesBuildPhase section */
		9249B8762F9FE88900D10C2E /* Embed Foundation Extensions */ = {
			isa = PBXCopyFilesBuildPhase;
			buildActionMask = 2147483647;
			dstPath = "";
			dstSubfolderSpec = 13;
			files = (
				9249B8712F9FE88900D10C2E /* CleanFastClaudeWidgetExtension.appex in Embed Foundation Extensions */,
			);
			name = "Embed Foundation Extensions";
			runOnlyForDeploymentPostprocessing = 0;
		};
/* End PBXCopyFilesBuildPhase section */

/* Begin PBXFileReference section */
		9249B85F2F9FE88700D10C2E /* CleanFastClaudeWidgetExtension.appex */ = {isa = PBXFileReference; explicitFileType = "wrapper.app-extension"; includeInIndex = 0; path = CleanFastClaudeWidgetExtension.appex; sourceTree = BUILT_PRODUCTS_DIR; };
		9249B8612F9FE88700D10C2E /* WidgetKit.framework */ = {isa = PBXFileReference; lastKnownFileType = wrapper.framework; name = WidgetKit.framework; path = System/Library/Frameworks/WidgetKit.framework; sourceTree = SDKROOT; };
		9249B8632F9FE88700D10C2E /* SwiftUI.framework */ = {isa = PBXFileReference; lastKnownFileType = wrapper.framework; name = SwiftUI.framework; path = System/Library/Frameworks/SwiftUI.framework; sourceTree = SDKROOT; };
		9249B8782F9FFA2100D10C2E /* CleanFastClaudeWidgetExtension.entitlements */ = {isa = PBXFileReference; lastKnownFileType = text.plist.entitlements; path = CleanFastClaudeWidgetExtension.entitlements; sourceTree = "<group>"; };
		92D6B2752F9EE1540009CAC6 /* CleanFastClaude.app */ = {isa = PBXFileReference; explicitFileType = wrapper.application; includeInIndex = 0; path = CleanFastClaude.app; sourceTree = BUILT_PRODUCTS_DIR; };
		92D6B2822F9EE1550009CAC6 /* CleanFastClaudeTests.xctest */ = {isa = PBXFileReference; explicitFileType = wrapper.cfbundle; includeInIndex = 0; path = CleanFastClaudeTests.xctest; sourceTree = BUILT_PRODUCTS_DIR; };
		92D6B28C2F9EE1550009CAC6 /* CleanFastClaudeUITests.xctest */ = {isa = PBXFileReference; explicitFileType = wrapper.cfbundle; includeInIndex = 0; path = CleanFastClaudeUITests.xctest; sourceTree = BUILT_PRODUCTS_DIR; };
/* End PBXFileReference section */

/* Begin PBXFileSystemSynchronizedBuildFileExceptionSet section */
		9249B8722F9FE88900D10C2E /* Exceptions for "CleanFastClaudeWidget" folder in "CleanFastClaudeWidgetExtension" target */ = {
			isa = PBXFileSystemSynchronizedBuildFileExceptionSet;
			membershipExceptions = (
				Info.plist,
			);
			target = 9249B85E2F9FE88700D10C2E /* CleanFastClaudeWidgetExtension */;
		};
/* End PBXFileSystemSynchronizedBuildFileExceptionSet section */

/* Begin PBXFileSystemSynchronizedRootGroup section */
		9249B8652F9FE88700D10C2E /* CleanFastClaudeWidget */ = {
			isa = PBXFileSystemSynchronizedRootGroup;
			exceptions = (
				9249B8722F9FE88900D10C2E /* Exceptions for "CleanFastClaudeWidget" folder in "CleanFastClaudeWidgetExtension" target */,
			);
			path = CleanFastClaudeWidget;
			sourceTree = "<group>";
		};
		92D6B2772F9EE1540009CAC6 /* CleanFastClaude */ = {
			isa = PBXFileSystemSynchronizedRootGroup;
			path = CleanFastClaude;
			sourceTree = "<group>";
		};
		92D6B2852F9EE1550009CAC6 /* CleanFastClaudeTests */ = {
			isa = PBXFileSystemSynchronizedRootGroup;
			path = CleanFastClaudeTests;
			sourceTree = "<group>";
		};
		92D6B28F2F9EE1550009CAC6 /* CleanFastClaudeUITests */ = {
			isa = PBXFileSystemSynchronizedRootGroup;
			path = CleanFastClaudeUITests;
			sourceTree = "<group>";
		};
/* End PBXFileSystemSynchronizedRootGroup section */

/* Begin PBXFrameworksBuildPhase section */
		9249B85C2F9FE88700D10C2E /* Frameworks */ = {
			isa = PBXFrameworksBuildPhase;
			buildActionMask = 2147483647;
			files = (
				9249B8642F9FE88700D10C2E /* SwiftUI.framework in Frameworks */,
				9249B8622F9FE88700D10C2E /* WidgetKit.framework in Frameworks */,
			);
			runOnlyForDeploymentPostprocessing = 0;
		};
		92D6B2722F9EE1540009CAC6 /* Frameworks */ = {
			isa = PBXFrameworksBuildPhase;
			buildActionMask = 2147483647;
			files = (
			);
			runOnlyForDeploymentPostprocessing = 0;
		};
		92D6B27F2F9EE1550009CAC6 /* Frameworks */ = {
			isa = PBXFrameworksBuildPhase;
			buildActionMask = 2147483647;
			files = (
			);
			runOnlyForDeploymentPostprocessing = 0;
		};
		92D6B2892F9EE1550009CAC6 /* Frameworks */ = {
			isa = PBXFrameworksBuildPhase;
			buildActionMask = 2147483647;
			files = (
			);
			runOnlyForDeploymentPostprocessing = 0;
		};
/* End PBXFrameworksBuildPhase section */

/* Begin PBXGroup section */
		9249B8602F9FE88700D10C2E /* Frameworks */ = {
			isa = PBXGroup;
			children = (
				9249B8612F9FE88700D10C2E /* WidgetKit.framework */,
				9249B8632F9FE88700D10C2E /* SwiftUI.framework */,
			);
			name = Frameworks;
			sourceTree = "<group>";
		};
		92D6B26C2F9EE1540009CAC6 = {
			isa = PBXGroup;
			children = (
				9249B8782F9FFA2100D10C2E /* CleanFastClaudeWidgetExtension.entitlements */,
				92D6B2772F9EE1540009CAC6 /* CleanFastClaude */,
				92D6B2852F9EE1550009CAC6 /* CleanFastClaudeTests */,
				92D6B28F2F9EE1550009CAC6 /* CleanFastClaudeUITests */,
				9249B8652F9FE88700D10C2E /* CleanFastClaudeWidget */,
				9249B8602F9FE88700D10C2E /* Frameworks */,
				92D6B2762F9EE1540009CAC6 /* Products */,
			);
			sourceTree = "<group>";
		};
		92D6B2762F9EE1540009CAC6 /* Products */ = {
			isa = PBXGroup;
			children = (
				92D6B2752F9EE1540009CAC6 /* CleanFastClaude.app */,
				92D6B2822F9EE1550009CAC6 /* CleanFastClaudeTests.xctest */,
				92D6B28C2F9EE1550009CAC6 /* CleanFastClaudeUITests.xctest */,
				9249B85F2F9FE88700D10C2E /* CleanFastClaudeWidgetExtension.appex */,
			);
			name = Products;
			sourceTree = "<group>";
		};
/* End PBXGroup section */

/* Begin PBXNativeTarget section */
		9249B85E2F9FE88700D10C2E /* CleanFastClaudeWidgetExtension */ = {
			isa = PBXNativeTarget;
			buildConfigurationList = 9249B8732F9FE88900D10C2E /* Build configuration list for PBXNativeTarget "CleanFastClaudeWidgetExtension" */;
			buildPhases = (
				9249B85B2F9FE88700D10C2E /* Sources */,
				9249B85C2F9FE88700D10C2E /* Frameworks */,
				9249B85D2F9FE88700D10C2E /* Resources */,
			);
			buildRules = (
			);
			dependencies = (
			);
			fileSystemSynchronizedGroups = (
				9249B8652F9FE88700D10C2E /* CleanFastClaudeWidget */,
			);
			name = CleanFastClaudeWidgetExtension;
			packageProductDependencies = (
			);
			productName = CleanFastClaudeWidgetExtension;
			productReference = 9249B85F2F9FE88700D10C2E /* CleanFastClaudeWidgetExtension.appex */;
			productType = "com.apple.product-type.app-extension";
		};
		92D6B2742F9EE1540009CAC6 /* CleanFastClaude */ = {
			isa = PBXNativeTarget;
			buildConfigurationList = 92D6B2962F9EE1550009CAC6 /* Build configuration list for PBXNativeTarget "CleanFastClaude" */;
			buildPhases = (
				92D6B2712F9EE1540009CAC6 /* Sources */,
				92D6B2722F9EE1540009CAC6 /* Frameworks */,
				92D6B2732F9EE1540009CAC6 /* Resources */,
				9249B8762F9FE88900D10C2E /* Embed Foundation Extensions */,
			);
			buildRules = (
			);
			dependencies = (
				9249B8702F9FE88900D10C2E /* PBXTargetDependency */,
			);
			fileSystemSynchronizedGroups = (
				92D6B2772F9EE1540009CAC6 /* CleanFastClaude */,
			);
			name = CleanFastClaude;
			packageProductDependencies = (
			);
			productName = CleanFastClaude;
			productReference = 92D6B2752F9EE1540009CAC6 /* CleanFastClaude.app */;
			productType = "com.apple.product-type.application";
		};
		92D6B2812F9EE1550009CAC6 /* CleanFastClaudeTests */ = {
			isa = PBXNativeTarget;
			buildConfigurationList = 92D6B2992F9EE1550009CAC6 /* Build configuration list for PBXNativeTarget "CleanFastClaudeTests" */;
			buildPhases = (
				92D6B27E2F9EE1550009CAC6 /* Sources */,
				92D6B27F2F9EE1550009CAC6 /* Frameworks */,
				92D6B2802F9EE1550009CAC6 /* Resources */,
			);
			buildRules = (
			);
			dependencies = (
				92D6B2842F9EE1550009CAC6 /* PBXTargetDependency */,
			);
			fileSystemSynchronizedGroups = (
				92D6B2852F9EE1550009CAC6 /* CleanFastClaudeTests */,
			);
			name = CleanFastClaudeTests;
			packageProductDependencies = (
			);
			productName = CleanFastClaudeTests;
			productReference = 92D6B2822F9EE1550009CAC6 /* CleanFastClaudeTests.xctest */;
			productType = "com.apple.product-type.bundle.unit-test";
		};
		92D6B28B2F9EE1550009CAC6 /* CleanFastClaudeUITests */ = {
			isa = PBXNativeTarget;
			buildConfigurationList = 92D6B29C2F9EE1550009CAC6 /* Build configuration list for PBXNativeTarget "CleanFastClaudeUITests" */;
			buildPhases = (
				92D6B2882F9EE1550009CAC6 /* Sources */,
				92D6B2892F9EE1550009CAC6 /* Frameworks */,
				92D6B28A2F9EE1550009CAC6 /* Resources */,
			);
			buildRules = (
			);
			dependencies = (
				92D6B28E2F9EE1550009CAC6 /* PBXTargetDependency */,
			);
			fileSystemSynchronizedGroups = (
				92D6B28F2F9EE1550009CAC6 /* CleanFastClaudeUITests */,
			);
			name = CleanFastClaudeUITests;
			packageProductDependencies = (
			);
			productName = CleanFastClaudeUITests;
			productReference = 92D6B28C2F9EE1550009CAC6 /* CleanFastClaudeUITests.xctest */;
			productType = "com.apple.product-type.bundle.ui-testing";
		};
/* End PBXNativeTarget section */

/* Begin PBXProject section */
		92D6B26D2F9EE1540009CAC6 /* Project object */ = {
			isa = PBXProject;
			attributes = {
				BuildIndependentTargetsInParallel = 1;
				LastSwiftUpdateCheck = 2640;
				LastUpgradeCheck = 2640;
				TargetAttributes = {
					9249B85E2F9FE88700D10C2E = {
						CreatedOnToolsVersion = 26.4.1;
					};
					92D6B2742F9EE1540009CAC6 = {
						CreatedOnToolsVersion = 26.4.1;
					};
					92D6B2812F9EE1550009CAC6 = {
						CreatedOnToolsVersion = 26.4.1;
						TestTargetID = 92D6B2742F9EE1540009CAC6;
					};
					92D6B28B2F9EE1550009CAC6 = {
						CreatedOnToolsVersion = 26.4.1;
						TestTargetID = 92D6B2742F9EE1540009CAC6;
					};
				};
			};
			buildConfigurationList = 92D6B2702F9EE1540009CAC6 /* Build configuration list for PBXProject "CleanFast-Claude" */;
			developmentRegion = "zh-Hans";
			hasScannedForEncodings = 0;
			knownRegions = (
				"zh-Hans",
				"zh-Hant",
				en,
				Base,
			);
			mainGroup = 92D6B26C2F9EE1540009CAC6;
			minimizedProjectReferenceProxies = 1;
			preferredProjectObjectVersion = 77;
			productRefGroup = 92D6B2762F9EE1540009CAC6 /* Products */;
			projectDirPath = "";
			projectRoot = "";
			targets = (
				92D6B2742F9EE1540009CAC6 /* CleanFastClaude */,
				92D6B2812F9EE1550009CAC6 /* CleanFastClaudeTests */,
				92D6B28B2F9EE1550009CAC6 /* CleanFastClaudeUITests */,
				9249B85E2F9FE88700D10C2E /* CleanFastClaudeWidgetExtension */,
			);
		};
/* End PBXProject section */

/* Begin PBXResourcesBuildPhase section */
		9249B85D2F9FE88700D10C2E /* Resources */ = {
			isa = PBXResourcesBuildPhase;
			buildActionMask = 2147483647;
			files = (
			);
			runOnlyForDeploymentPostprocessing = 0;
		};
		92D6B2732F9EE1540009CAC6 /* Resources */ = {
			isa = PBXResourcesBuildPhase;
			buildActionMask = 2147483647;
			files = (
			);
			runOnlyForDeploymentPostprocessing = 0;
		};
		92D6B2802F9EE1550009CAC6 /* Resources */ = {
			isa = PBXResourcesBuildPhase;
			buildActionMask = 2147483647;
			files = (
			);
			runOnlyForDeploymentPostprocessing = 0;
		};
		92D6B28A2F9EE1550009CAC6 /* Resources */ = {
			isa = PBXResourcesBuildPhase;
			buildActionMask = 2147483647;
			files = (
			);
			runOnlyForDeploymentPostprocessing = 0;
		};
/* End PBXResourcesBuildPhase section */

/* Begin PBXSourcesBuildPhase section */
		9249B85B2F9FE88700D10C2E /* Sources */ = {
			isa = PBXSourcesBuildPhase;
			buildActionMask = 2147483647;
			files = (
			);
			runOnlyForDeploymentPostprocessing = 0;
		};
		92D6B2712F9EE1540009CAC6 /* Sources */ = {
			isa = PBXSourcesBuildPhase;
			buildActionMask = 2147483647;
			files = (
			);
			runOnlyForDeploymentPostprocessing = 0;
		};
		92D6B27E2F9EE1550009CAC6 /* Sources */ = {
			isa = PBXSourcesBuildPhase;
			buildActionMask = 2147483647;
			files = (
			);
			runOnlyForDeploymentPostprocessing = 0;
		};
		92D6B2882F9EE1550009CAC6 /* Sources */ = {
			isa = PBXSourcesBuildPhase;
			buildActionMask = 2147483647;
			files = (
			);
			runOnlyForDeploymentPostprocessing = 0;
		};
/* End PBXSourcesBuildPhase section */

/* Begin PBXTargetDependency section */
		9249B8702F9FE88900D10C2E /* PBXTargetDependency */ = {
			isa = PBXTargetDependency;
			target = 9249B85E2F9FE88700D10C2E /* CleanFastClaudeWidgetExtension */;
			targetProxy = 9249B86F2F9FE88900D10C2E /* PBXContainerItemProxy */;
		};
		92D6B2842F9EE1550009CAC6 /* PBXTargetDependency */ = {
			isa = PBXTargetDependency;
			target = 92D6B2742F9EE1540009CAC6 /* CleanFastClaude */;
			targetProxy = 92D6B2832F9EE1550009CAC6 /* PBXContainerItemProxy */;
		};
		92D6B28E2F9EE1550009CAC6 /* PBXTargetDependency */ = {
			isa = PBXTargetDependency;
			target = 92D6B2742F9EE1540009CAC6 /* CleanFastClaude */;
			targetProxy = 92D6B28D2F9EE1550009CAC6 /* PBXContainerItemProxy */;
		};
/* End PBXTargetDependency section */

/* Begin XCBuildConfiguration section */
		9249B8742F9FE88900D10C2E /* Debug */ = {
			isa = XCBuildConfiguration;
			buildSettings = {
				ASSETCATALOG_COMPILER_GLOBAL_ACCENT_COLOR_NAME = AccentColor;
				ASSETCATALOG_COMPILER_WIDGET_BACKGROUND_COLOR_NAME = WidgetBackground;
				CODE_SIGN_ENTITLEMENTS = CleanFastClaudeWidgetExtension.entitlements;
				CODE_SIGN_STYLE = Automatic;
				CURRENT_PROJECT_VERSION = 1;
				DEVELOPMENT_TEAM = 545M7K6H6K;
				GENERATE_INFOPLIST_FILE = YES;
				INFOPLIST_FILE = CleanFastClaudeWidget/Info.plist;
				INFOPLIST_KEY_CFBundleDisplayName = "CleanFast Widget";
				INFOPLIST_KEY_NSHumanReadableCopyright = "© 2026 MaxHope LLC";
				IPHONEOS_DEPLOYMENT_TARGET = 17.0;
				LD_RUNPATH_SEARCH_PATHS = (
					"$(inherited)",
					"@executable_path/Frameworks",
					"@executable_path/../../Frameworks",
				);
				MARKETING_VERSION = 1.0;
				PRODUCT_BUNDLE_IDENTIFIER = com.MaxQ.CleanFast.CleanFastWidget;
				PRODUCT_NAME = "$(TARGET_NAME)";
				SKIP_INSTALL = YES;
				STRING_CATALOG_GENERATE_SYMBOLS = YES;
				SWIFT_APPROACHABLE_CONCURRENCY = YES;
				SWIFT_EMIT_LOC_STRINGS = YES;
				SWIFT_UPCOMING_FEATURE_MEMBER_IMPORT_VISIBILITY = YES;
				SWIFT_VERSION = 5.0;
				TARGETED_DEVICE_FAMILY = 1;
			};
			name = Debug;
		};
		9249B8752F9FE88900D10C2E /* Release */ = {
			isa = XCBuildConfiguration;
			buildSettings = {
				ASSETCATALOG_COMPILER_GLOBAL_ACCENT_COLOR_NAME = AccentColor;
				ASSETCATALOG_COMPILER_WIDGET_BACKGROUND_COLOR_NAME = WidgetBackground;
				CODE_SIGN_ENTITLEMENTS = CleanFastClaudeWidgetExtension.entitlements;
				CODE_SIGN_STYLE = Automatic;
				CURRENT_PROJECT_VERSION = 1;
				DEVELOPMENT_TEAM = 545M7K6H6K;
				GENERATE_INFOPLIST_FILE = YES;
				INFOPLIST_FILE = CleanFastClaudeWidget/Info.plist;
				INFOPLIST_KEY_CFBundleDisplayName = "CleanFast Widget";
				INFOPLIST_KEY_NSHumanReadableCopyright = "© 2026 MaxHope LLC";
				IPHONEOS_DEPLOYMENT_TARGET = 17.0;
				LD_RUNPATH_SEARCH_PATHS = (
					"$(inherited)",
					"@executable_path/Frameworks",
					"@executable_path/../../Frameworks",
				);
				MARKETING_VERSION = 1.0;
				PRODUCT_BUNDLE_IDENTIFIER = com.MaxQ.CleanFast.CleanFastWidget;
				PRODUCT_NAME = "$(TARGET_NAME)";
				SKIP_INSTALL = YES;
				STRING_CATALOG_GENERATE_SYMBOLS = YES;
				SWIFT_APPROACHABLE_CONCURRENCY = YES;
				SWIFT_EMIT_LOC_STRINGS = YES;
				SWIFT_UPCOMING_FEATURE_MEMBER_IMPORT_VISIBILITY = YES;
				SWIFT_VERSION = 5.0;
				TARGETED_DEVICE_FAMILY = 1;
			};
			name = Release;
		};
		92D6B2942F9EE1550009CAC6 /* Debug */ = {
			isa = XCBuildConfiguration;
			buildSettings = {
				ALWAYS_SEARCH_USER_PATHS = NO;
				ASSETCATALOG_COMPILER_GENERATE_SWIFT_ASSET_SYMBOL_EXTENSIONS = YES;
				CLANG_ANALYZER_NONNULL = YES;
				CLANG_ANALYZER_NUMBER_OBJECT_CONVERSION = YES_AGGRESSIVE;
				CLANG_CXX_LANGUAGE_STANDARD = "gnu++20";
				CLANG_ENABLE_MODULES = YES;
				CLANG_ENABLE_OBJC_ARC = YES;
				CLANG_ENABLE_OBJC_WEAK = YES;
				CLANG_WARN_BLOCK_CAPTURE_AUTORELEASING = YES;
				CLANG_WARN_BOOL_CONVERSION = YES;
				CLANG_WARN_COMMA = YES;
				CLANG_WARN_CONSTANT_CONVERSION = YES;
				CLANG_WARN_DEPRECATED_OBJC_IMPLEMENTATIONS = YES;
				CLANG_WARN_DIRECT_OBJC_ISA_USAGE = YES_ERROR;
				CLANG_WARN_DOCUMENTATION_COMMENTS = YES;
				CLANG_WARN_EMPTY_BODY = YES;
				CLANG_WARN_ENUM_CONVERSION = YES;
				CLANG_WARN_INFINITE_RECURSION = YES;
				CLANG_WARN_INT_CONVERSION = YES;
				CLANG_WARN_NON_LITERAL_NULL_CONVERSION = YES;
				CLANG_WARN_OBJC_IMPLICIT_RETAIN_SELF = YES;
				CLANG_WARN_OBJC_LITERAL_CONVERSION = YES;
				CLANG_WARN_OBJC_ROOT_CLASS = YES_ERROR;
				CLANG_WARN_QUOTED_INCLUDE_IN_FRAMEWORK_HEADER = YES;
				CLANG_WARN_RANGE_LOOP_ANALYSIS = YES;
				CLANG_WARN_STRICT_PROTOTYPES = YES;
				CLANG_WARN_SUSPICIOUS_MOVE = YES;
				CLANG_WARN_UNGUARDED_AVAILABILITY = YES_AGGRESSIVE;
				CLANG_WARN_UNREACHABLE_CODE = YES;
				CLANG_WARN__DUPLICATE_METHOD_MATCH = YES;
				COPY_PHASE_STRIP = NO;
				DEBUG_INFORMATION_FORMAT = dwarf;
				DEVELOPMENT_TEAM = 545M7K6H6K;
				ENABLE_STRICT_OBJC_MSGSEND = YES;
				ENABLE_TESTABILITY = YES;
				ENABLE_USER_SCRIPT_SANDBOXING = YES;
				GCC_C_LANGUAGE_STANDARD = gnu17;
				GCC_DYNAMIC_NO_PIC = NO;
				GCC_NO_COMMON_BLOCKS = YES;
				GCC_OPTIMIZATION_LEVEL = 0;
				GCC_PREPROCESSOR_DEFINITIONS = (
					"DEBUG=1",
					"$(inherited)",
				);
				GCC_WARN_64_TO_32_BIT_CONVERSION = YES;
				GCC_WARN_ABOUT_RETURN_TYPE = YES_ERROR;
				GCC_WARN_UNDECLARED_SELECTOR = YES;
				GCC_WARN_UNINITIALIZED_AUTOS = YES_AGGRESSIVE;
				GCC_WARN_UNUSED_FUNCTION = YES;
				GCC_WARN_UNUSED_VARIABLE = YES;
				IPHONEOS_DEPLOYMENT_TARGET = 17.0;
				LOCALIZATION_PREFERS_STRING_CATALOGS = YES;
				MTL_ENABLE_DEBUG_INFO = INCLUDE_SOURCE;
				MTL_FAST_MATH = YES;
				ONLY_ACTIVE_ARCH = YES;
				SDKROOT = iphoneos;
				SWIFT_ACTIVE_COMPILATION_CONDITIONS = "DEBUG $(inherited)";
				SWIFT_OPTIMIZATION_LEVEL = "-Onone";
			};
			name = Debug;
		};
		92D6B2952F9EE1550009CAC6 /* Release */ = {
			isa = XCBuildConfiguration;
			buildSettings = {
				ALWAYS_SEARCH_USER_PATHS = NO;
				ASSETCATALOG_COMPILER_GENERATE_SWIFT_ASSET_SYMBOL_EXTENSIONS = YES;
				CLANG_ANALYZER_NONNULL = YES;
				CLANG_ANALYZER_NUMBER_OBJECT_CONVERSION = YES_AGGRESSIVE;
				CLANG_CXX_LANGUAGE_STANDARD = "gnu++20";
				CLANG_ENABLE_MODULES = YES;
				CLANG_ENABLE_OBJC_ARC = YES;
				CLANG_ENABLE_OBJC_WEAK = YES;
				CLANG_WARN_BLOCK_CAPTURE_AUTORELEASING = YES;
				CLANG_WARN_BOOL_CONVERSION = YES;
				CLANG_WARN_COMMA = YES;
				CLANG_WARN_CONSTANT_CONVERSION = YES;
				CLANG_WARN_DEPRECATED_OBJC_IMPLEMENTATIONS = YES;
				CLANG_WARN_DIRECT_OBJC_ISA_USAGE = YES_ERROR;
				CLANG_WARN_DOCUMENTATION_COMMENTS = YES;
				CLANG_WARN_EMPTY_BODY = YES;
				CLANG_WARN_ENUM_CONVERSION = YES;
				CLANG_WARN_INFINITE_RECURSION = YES;
				CLANG_WARN_INT_CONVERSION = YES;
				CLANG_WARN_NON_LITERAL_NULL_CONVERSION = YES;
				CLANG_WARN_OBJC_IMPLICIT_RETAIN_SELF = YES;
				CLANG_WARN_OBJC_LITERAL_CONVERSION = YES;
				CLANG_WARN_OBJC_ROOT_CLASS = YES_ERROR;
				CLANG_WARN_QUOTED_INCLUDE_IN_FRAMEWORK_HEADER = YES;
				CLANG_WARN_RANGE_LOOP_ANALYSIS = YES;
				CLANG_WARN_STRICT_PROTOTYPES = YES;
				CLANG_WARN_SUSPICIOUS_MOVE = YES;
				CLANG_WARN_UNGUARDED_AVAILABILITY = YES_AGGRESSIVE;
				CLANG_WARN_UNREACHABLE_CODE = YES;
				CLANG_WARN__DUPLICATE_METHOD_MATCH = YES;
				COPY_PHASE_STRIP = NO;
				DEBUG_INFORMATION_FORMAT = "dwarf-with-dsym";
				DEVELOPMENT_TEAM = 545M7K6H6K;
				ENABLE_NS_ASSERTIONS = NO;
				ENABLE_STRICT_OBJC_MSGSEND = YES;
				ENABLE_USER_SCRIPT_SANDBOXING = YES;
				GCC_C_LANGUAGE_STANDARD = gnu17;
				GCC_NO_COMMON_BLOCKS = YES;
				GCC_WARN_64_TO_32_BIT_CONVERSION = YES;
				GCC_WARN_ABOUT_RETURN_TYPE = YES_ERROR;
				GCC_WARN_UNDECLARED_SELECTOR = YES;
				GCC_WARN_UNINITIALIZED_AUTOS = YES_AGGRESSIVE;
				GCC_WARN_UNUSED_FUNCTION = YES;
				GCC_WARN_UNUSED_VARIABLE = YES;
				IPHONEOS_DEPLOYMENT_TARGET = 17.0;
				LOCALIZATION_PREFERS_STRING_CATALOGS = YES;
				MTL_ENABLE_DEBUG_INFO = NO;
				MTL_FAST_MATH = YES;
				SDKROOT = iphoneos;
				SWIFT_COMPILATION_MODE = wholemodule;
				VALIDATE_PRODUCT = YES;
			};
			name = Release;
		};
		92D6B2972F9EE1550009CAC6 /* Debug */ = {
			isa = XCBuildConfiguration;
			buildSettings = {
				ASSETCATALOG_COMPILER_APPICON_NAME = AppIcon;
				ASSETCATALOG_COMPILER_GLOBAL_ACCENT_COLOR_NAME = AccentColor;
				CODE_SIGN_ENTITLEMENTS = CleanFastClaude/CleanFastClaude.entitlements;
				CODE_SIGN_STYLE = Automatic;
				CURRENT_PROJECT_VERSION = 1;
				DEVELOPMENT_TEAM = 545M7K6H6K;
				ENABLE_PREVIEWS = YES;
				GENERATE_INFOPLIST_FILE = YES;
				INFOPLIST_KEY_CFBundleDisplayName = CleanFast;
				INFOPLIST_KEY_ITSAppUsesNonExemptEncryption = NO;
				INFOPLIST_KEY_LSApplicationCategoryType = "public.app-category.healthcare-fitness";
				INFOPLIST_KEY_NSHumanReadableCopyright = "© 2026 MaxHope LLC";
				INFOPLIST_KEY_UIApplicationSceneManifest_Generation = YES;
				INFOPLIST_KEY_UIApplicationSupportsIndirectInputEvents = YES;
				INFOPLIST_KEY_UILaunchScreen_Generation = YES;
				INFOPLIST_KEY_UISupportedInterfaceOrientations_iPad = "UIInterfaceOrientationPortrait UIInterfaceOrientationPortraitUpsideDown UIInterfaceOrientationLandscapeLeft UIInterfaceOrientationLandscapeRight";
				INFOPLIST_KEY_UISupportedInterfaceOrientations_iPhone = UIInterfaceOrientationPortrait;
				LD_RUNPATH_SEARCH_PATHS = (
					"$(inherited)",
					"@executable_path/Frameworks",
				);
				MARKETING_VERSION = 1.0;
				PRODUCT_BUNDLE_IDENTIFIER = com.MaxQ.CleanFast;
				PRODUCT_NAME = "$(TARGET_NAME)";
				STRING_CATALOG_GENERATE_SYMBOLS = YES;
				SWIFT_APPROACHABLE_CONCURRENCY = YES;
				SWIFT_DEFAULT_ACTOR_ISOLATION = MainActor;
				SWIFT_EMIT_LOC_STRINGS = YES;
				SWIFT_UPCOMING_FEATURE_MEMBER_IMPORT_VISIBILITY = YES;
				SWIFT_VERSION = 5.0;
				TARGETED_DEVICE_FAMILY = 1;
			};
			name = Debug;
		};
		92D6B2982F9EE1550009CAC6 /* Release */ = {
			isa = XCBuildConfiguration;
			buildSettings = {
				ASSETCATALOG_COMPILER_APPICON_NAME = AppIcon;
				ASSETCATALOG_COMPILER_GLOBAL_ACCENT_COLOR_NAME = AccentColor;
				CODE_SIGN_ENTITLEMENTS = CleanFastClaude/CleanFastClaude.entitlements;
				CODE_SIGN_STYLE = Automatic;
				CURRENT_PROJECT_VERSION = 1;
				DEVELOPMENT_TEAM = 545M7K6H6K;
				ENABLE_PREVIEWS = YES;
				GENERATE_INFOPLIST_FILE = YES;
				INFOPLIST_KEY_CFBundleDisplayName = CleanFast;
				INFOPLIST_KEY_ITSAppUsesNonExemptEncryption = NO;
				INFOPLIST_KEY_LSApplicationCategoryType = "public.app-category.healthcare-fitness";
				INFOPLIST_KEY_NSHumanReadableCopyright = "© 2026 MaxHope LLC";
				INFOPLIST_KEY_UIApplicationSceneManifest_Generation = YES;
				INFOPLIST_KEY_UIApplicationSupportsIndirectInputEvents = YES;
				INFOPLIST_KEY_UILaunchScreen_Generation = YES;
				INFOPLIST_KEY_UISupportedInterfaceOrientations_iPad = "UIInterfaceOrientationPortrait UIInterfaceOrientationPortraitUpsideDown UIInterfaceOrientationLandscapeLeft UIInterfaceOrientationLandscapeRight";
				INFOPLIST_KEY_UISupportedInterfaceOrientations_iPhone = UIInterfaceOrientationPortrait;
				LD_RUNPATH_SEARCH_PATHS = (
					"$(inherited)",
					"@executable_path/Frameworks",
				);
				MARKETING_VERSION = 1.0;
				PRODUCT_BUNDLE_IDENTIFIER = com.MaxQ.CleanFast;
				PRODUCT_NAME = "$(TARGET_NAME)";
				STRING_CATALOG_GENERATE_SYMBOLS = YES;
				SWIFT_APPROACHABLE_CONCURRENCY = YES;
				SWIFT_DEFAULT_ACTOR_ISOLATION = MainActor;
				SWIFT_EMIT_LOC_STRINGS = YES;
				SWIFT_UPCOMING_FEATURE_MEMBER_IMPORT_VISIBILITY = YES;
				SWIFT_VERSION = 5.0;
				TARGETED_DEVICE_FAMILY = 1;
			};
			name = Release;
		};
		92D6B29A2F9EE1550009CAC6 /* Debug */ = {
			isa = XCBuildConfiguration;
			buildSettings = {
				BUNDLE_LOADER = "$(TEST_HOST)";
				CODE_SIGN_STYLE = Automatic;
				CURRENT_PROJECT_VERSION = 1;
				DEVELOPMENT_TEAM = 545M7K6H6K;
				GENERATE_INFOPLIST_FILE = YES;
				IPHONEOS_DEPLOYMENT_TARGET = 17.0;
				MARKETING_VERSION = 1.0;
				PRODUCT_BUNDLE_IDENTIFIER = com.MaxQ.CleanFastTests;
				PRODUCT_NAME = "$(TARGET_NAME)";
				STRING_CATALOG_GENERATE_SYMBOLS = NO;
				SWIFT_APPROACHABLE_CONCURRENCY = YES;
				SWIFT_EMIT_LOC_STRINGS = NO;
				SWIFT_UPCOMING_FEATURE_MEMBER_IMPORT_VISIBILITY = YES;
				SWIFT_VERSION = 5.0;
				TARGETED_DEVICE_FAMILY = 1;
				TEST_HOST = "$(BUILT_PRODUCTS_DIR)/CleanFastClaude.app/$(BUNDLE_EXECUTABLE_FOLDER_PATH)/CleanFastClaude";
			};
			name = Debug;
		};
		92D6B29B2F9EE1550009CAC6 /* Release */ = {
			isa = XCBuildConfiguration;
			buildSettings = {
				BUNDLE_LOADER = "$(TEST_HOST)";
				CODE_SIGN_STYLE = Automatic;
				CURRENT_PROJECT_VERSION = 1;
				DEVELOPMENT_TEAM = 545M7K6H6K;
				GENERATE_INFOPLIST_FILE = YES;
				IPHONEOS_DEPLOYMENT_TARGET = 17.0;
				MARKETING_VERSION = 1.0;
				PRODUCT_BUNDLE_IDENTIFIER = com.MaxQ.CleanFastTests;
				PRODUCT_NAME = "$(TARGET_NAME)";
				STRING_CATALOG_GENERATE_SYMBOLS = NO;
				SWIFT_APPROACHABLE_CONCURRENCY = YES;
				SWIFT_EMIT_LOC_STRINGS = NO;
				SWIFT_UPCOMING_FEATURE_MEMBER_IMPORT_VISIBILITY = YES;
				SWIFT_VERSION = 5.0;
				TARGETED_DEVICE_FAMILY = 1;
				TEST_HOST = "$(BUILT_PRODUCTS_DIR)/CleanFastClaude.app/$(BUNDLE_EXECUTABLE_FOLDER_PATH)/CleanFastClaude";
			};
			name = Release;
		};
		92D6B29D2F9EE1550009CAC6 /* Debug */ = {
			isa = XCBuildConfiguration;
			buildSettings = {
				CODE_SIGN_STYLE = Automatic;
				CURRENT_PROJECT_VERSION = 1;
				DEVELOPMENT_TEAM = 545M7K6H6K;
				GENERATE_INFOPLIST_FILE = YES;
				MARKETING_VERSION = 1.0;
				PRODUCT_BUNDLE_IDENTIFIER = com.MaxQ.CleanFastUITests;
				PRODUCT_NAME = "$(TARGET_NAME)";
				STRING_CATALOG_GENERATE_SYMBOLS = NO;
				SWIFT_APPROACHABLE_CONCURRENCY = YES;
				SWIFT_EMIT_LOC_STRINGS = NO;
				SWIFT_UPCOMING_FEATURE_MEMBER_IMPORT_VISIBILITY = YES;
				SWIFT_VERSION = 5.0;
				TARGETED_DEVICE_FAMILY = 1;
				TEST_TARGET_NAME = CleanFastClaude;
			};
			name = Debug;
		};
		92D6B29E2F9EE1550009CAC6 /* Release */ = {
			isa = XCBuildConfiguration;
			buildSettings = {
				CODE_SIGN_STYLE = Automatic;
				CURRENT_PROJECT_VERSION = 1;
				DEVELOPMENT_TEAM = 545M7K6H6K;
				GENERATE_INFOPLIST_FILE = YES;
				MARKETING_VERSION = 1.0;
				PRODUCT_BUNDLE_IDENTIFIER = com.MaxQ.CleanFastUITests;
				PRODUCT_NAME = "$(TARGET_NAME)";
				STRING_CATALOG_GENERATE_SYMBOLS = NO;
				SWIFT_APPROACHABLE_CONCURRENCY = YES;
				SWIFT_EMIT_LOC_STRINGS = NO;
				SWIFT_UPCOMING_FEATURE_MEMBER_IMPORT_VISIBILITY = YES;
				SWIFT_VERSION = 5.0;
				TARGETED_DEVICE_FAMILY = 1;
				TEST_TARGET_NAME = CleanFastClaude;
			};
			name = Release;
		};
/* End XCBuildConfiguration section */

/* Begin XCConfigurationList section */
		9249B8732F9FE88900D10C2E /* Build configuration list for PBXNativeTarget "CleanFastClaudeWidgetExtension" */ = {
			isa = XCConfigurationList;
			buildConfigurations = (
				9249B8742F9FE88900D10C2E /* Debug */,
				9249B8752F9FE88900D10C2E /* Release */,
			);
			defaultConfigurationIsVisible = 0;
			defaultConfigurationName = Release;
		};
		92D6B2702F9EE1540009CAC6 /* Build configuration list for PBXProject "CleanFast-Claude" */ = {
			isa = XCConfigurationList;
			buildConfigurations = (
				92D6B2942F9EE1550009CAC6 /* Debug */,
				92D6B2952F9EE1550009CAC6 /* Release */,
			);
			defaultConfigurationIsVisible = 0;
			defaultConfigurationName = Release;
		};
		92D6B2962F9EE1550009CAC6 /* Build configuration list for PBXNativeTarget "CleanFastClaude" */ = {
			isa = XCConfigurationList;
			buildConfigurations = (
				92D6B2972F9EE1550009CAC6 /* Debug */,
				92D6B2982F9EE1550009CAC6 /* Release */,
			);
			defaultConfigurationIsVisible = 0;
			defaultConfigurationName = Release;
		};
		92D6B2992F9EE1550009CAC6 /* Build configuration list for PBXNativeTarget "CleanFastClaudeTests" */ = {
			isa = XCConfigurationList;
			buildConfigurations = (
				92D6B29A2F9EE1550009CAC6 /* Debug */,
				92D6B29B2F9EE1550009CAC6 /* Release */,
			);
			defaultConfigurationIsVisible = 0;
			defaultConfigurationName = Release;
		};
		92D6B29C2F9EE1550009CAC6 /* Build configuration list for PBXNativeTarget "CleanFastClaudeUITests" */ = {
			isa = XCConfigurationList;
			buildConfigurations = (
				92D6B29D2F9EE1550009CAC6 /* Debug */,
				92D6B29E2F9EE1550009CAC6 /* Release */,
			);
			defaultConfigurationIsVisible = 0;
			defaultConfigurationName = Release;
		};
/* End XCConfigurationList section */
	};
	rootObject = 92D6B26D2F9EE1540009CAC6 /* Project object */;
}
